<?xml version="1.0" encoding="UTF-8" standalone="yes" ?>
<CodeBlocks_project_file>
	<FileVersion major="1" minor="6" />
	<Project>
		<Option title="AppServer" />
		<Option pch_mode="2" />
		<Option compiler="gcc" />
		<Build>
			<Target title="Debug">
				<Option output="bin/Debug/AppServer" prefix_auto="1" extension_auto="1" />
				<Option object_output="obj/Debug/" />
				<Option type="1" />
				<Option compiler="gcc" />
				<Compiler>
					<Add option="-g" />
				</Compiler>
			</Target>
			<Target title="Release">
				<Option output="bin/Release/AppServer" prefix_auto="1" extension_auto="1" />
				<Option object_output="obj/Release/" />
				<Option type="1" />
				<Option compiler="gcc" />
				<Compiler>
					<Add option="-O2" />
				</Compiler>
				<Linker>
					<Add option="-s" />
				</Linker>
			</Target>
		</Build>
		<Compiler>
			<Add option="-Wall" />
			<Add option="-fexceptions" />
		</Compiler>
		<Unit filename="Server.cpp" />
		<Unit filename="Server.h" />
		<Unit filename="libs/mongoose/mongoose.cpp" />
		<Unit filename="libs/mongoose/mongoose.h" />
		<Unit filename="libs/rocksdb-4.2/AUTHORS" />
		<Unit filename="libs/rocksdb-4.2/CMakeLists.txt" />
		<Unit filename="libs/rocksdb-4.2/CONTRIBUTING.md" />
		<Unit filename="libs/rocksdb-4.2/DUMP_FORMAT.md" />
		<Unit filename="libs/rocksdb-4.2/HISTORY.md" />
		<Unit filename="libs/rocksdb-4.2/INSTALL.md" />
		<Unit filename="libs/rocksdb-4.2/LICENSE" />
		<Unit filename="libs/rocksdb-4.2/Makefile" />
		<Unit filename="libs/rocksdb-4.2/PATENTS" />
		<Unit filename="libs/rocksdb-4.2/README.md" />
		<Unit filename="libs/rocksdb-4.2/ROCKSDB_LITE.md" />
		<Unit filename="libs/rocksdb-4.2/USERS.md" />
		<Unit filename="libs/rocksdb-4.2/Vagrantfile" />
		<Unit filename="libs/rocksdb-4.2/WINDOWS_PORT.md" />
		<Unit filename="libs/rocksdb-4.2/appveyor.yml" />
		<Unit filename="libs/rocksdb-4.2/appveyordailytests.yml" />
		<Unit filename="libs/rocksdb-4.2/arcanist_util/__phutil_library_init__.php" />
		<Unit filename="libs/rocksdb-4.2/arcanist_util/__phutil_library_map__.php" />
		<Unit filename="libs/rocksdb-4.2/arcanist_util/config/FacebookArcanistConfiguration.php" />
		<Unit filename="libs/rocksdb-4.2/arcanist_util/cpp_linter/ArcanistCpplintLinter.php" />
		<Unit filename="libs/rocksdb-4.2/arcanist_util/cpp_linter/BaseDirectoryScopedFormatLinter.php" />
		<Unit filename="libs/rocksdb-4.2/arcanist_util/cpp_linter/FacebookHowtoevenLinter.php" />
		<Unit filename="libs/rocksdb-4.2/arcanist_util/cpp_linter/FbcodeClangFormatLinter.php" />
		<Unit filename="libs/rocksdb-4.2/arcanist_util/cpp_linter/FbcodeCppLinter.php" />
		<Unit filename="libs/rocksdb-4.2/arcanist_util/cpp_linter/cpplint.py" />
		<Unit filename="libs/rocksdb-4.2/arcanist_util/lint_engine/FacebookFbcodeLintEngine.php" />
		<Unit filename="libs/rocksdb-4.2/arcanist_util/lint_engine/FacebookHowtoevenLintEngine.php" />
		<Unit filename="libs/rocksdb-4.2/arcanist_util/unit_engine/FacebookFbcodeUnitTestEngine.php" />
		<Unit filename="libs/rocksdb-4.2/build_tools/amalgamate.py" />
		<Unit filename="libs/rocksdb-4.2/build_tools/build_detect_platform" />
		<Unit filename="libs/rocksdb-4.2/build_tools/dockerbuild.sh" />
		<Unit filename="libs/rocksdb-4.2/build_tools/fb_compile_mongo.sh" />
		<Unit filename="libs/rocksdb-4.2/build_tools/fbcode_config.sh" />
		<Unit filename="libs/rocksdb-4.2/build_tools/fbcode_config4.8.1.sh" />
		<Unit filename="libs/rocksdb-4.2/build_tools/format-diff.sh" />
		<Unit filename="libs/rocksdb-4.2/build_tools/make_new_version.sh" />
		<Unit filename="libs/rocksdb-4.2/build_tools/make_package.sh" />
		<Unit filename="libs/rocksdb-4.2/build_tools/regression_build_test.sh" />
		<Unit filename="libs/rocksdb-4.2/build_tools/rocksdb-lego-determinator" />
		<Unit filename="libs/rocksdb-4.2/build_tools/run_ci_db_test.ps1" />
		<Unit filename="libs/rocksdb-4.2/build_tools/version.sh" />
		<Unit filename="libs/rocksdb-4.2/coverage/coverage_test.sh" />
		<Unit filename="libs/rocksdb-4.2/coverage/parse_gcov_output.py" />
		<Unit filename="libs/rocksdb-4.2/db/builder.cc" />
		<Unit filename="libs/rocksdb-4.2/db/builder.h" />
		<Unit filename="libs/rocksdb-4.2/db/c.cc" />
		<Unit filename="libs/rocksdb-4.2/db/c_test.c">
			<Option compilerVar="CC" />
		</Unit>
		<Unit filename="libs/rocksdb-4.2/db/column_family.cc" />
		<Unit filename="libs/rocksdb-4.2/db/column_family.h" />
		<Unit filename="libs/rocksdb-4.2/db/column_family_test.cc" />
		<Unit filename="libs/rocksdb-4.2/db/compact_files_test.cc" />
		<Unit filename="libs/rocksdb-4.2/db/compacted_db_impl.cc" />
		<Unit filename="libs/rocksdb-4.2/db/compacted_db_impl.h" />
		<Unit filename="libs/rocksdb-4.2/db/compaction.cc" />
		<Unit filename="libs/rocksdb-4.2/db/compaction.h" />
		<Unit filename="libs/rocksdb-4.2/db/compaction_iterator.cc" />
		<Unit filename="libs/rocksdb-4.2/db/compaction_iterator.h" />
		<Unit filename="libs/rocksdb-4.2/db/compaction_iterator_test.cc" />
		<Unit filename="libs/rocksdb-4.2/db/compaction_job.cc" />
		<Unit filename="libs/rocksdb-4.2/db/compaction_job.h" />
		<Unit filename="libs/rocksdb-4.2/db/compaction_job_stats_test.cc" />
		<Unit filename="libs/rocksdb-4.2/db/compaction_job_test.cc" />
		<Unit filename="libs/rocksdb-4.2/db/compaction_picker.cc" />
		<Unit filename="libs/rocksdb-4.2/db/compaction_picker.h" />
		<Unit filename="libs/rocksdb-4.2/db/compaction_picker_test.cc" />
		<Unit filename="libs/rocksdb-4.2/db/comparator_db_test.cc" />
		<Unit filename="libs/rocksdb-4.2/db/convenience.cc" />
		<Unit filename="libs/rocksdb-4.2/db/corruption_test.cc" />
		<Unit filename="libs/rocksdb-4.2/db/cuckoo_table_db_test.cc" />
		<Unit filename="libs/rocksdb-4.2/db/db_bench.cc" />
		<Unit filename="libs/rocksdb-4.2/db/db_compaction_filter_test.cc" />
		<Unit filename="libs/rocksdb-4.2/db/db_compaction_test.cc" />
		<Unit filename="libs/rocksdb-4.2/db/db_dynamic_level_test.cc" />
		<Unit filename="libs/rocksdb-4.2/db/db_filesnapshot.cc" />
		<Unit filename="libs/rocksdb-4.2/db/db_impl.cc" />
		<Unit filename="libs/rocksdb-4.2/db/db_impl.h" />
		<Unit filename="libs/rocksdb-4.2/db/db_impl_debug.cc" />
		<Unit filename="libs/rocksdb-4.2/db/db_impl_experimental.cc" />
		<Unit filename="libs/rocksdb-4.2/db/db_impl_readonly.cc" />
		<Unit filename="libs/rocksdb-4.2/db/db_impl_readonly.h" />
		<Unit filename="libs/rocksdb-4.2/db/db_inplace_update_test.cc" />
		<Unit filename="libs/rocksdb-4.2/db/db_iter.cc" />
		<Unit filename="libs/rocksdb-4.2/db/db_iter.h" />
		<Unit filename="libs/rocksdb-4.2/db/db_iter_test.cc" />
		<Unit filename="libs/rocksdb-4.2/db/db_log_iter_test.cc" />
		<Unit filename="libs/rocksdb-4.2/db/db_table_properties_test.cc" />
		<Unit filename="libs/rocksdb-4.2/db/db_tailing_iter_test.cc" />
		<Unit filename="libs/rocksdb-4.2/db/db_test.cc" />
		<Unit filename="libs/rocksdb-4.2/db/db_test_util.cc" />
		<Unit filename="libs/rocksdb-4.2/db/db_test_util.h" />
		<Unit filename="libs/rocksdb-4.2/db/db_universal_compaction_test.cc" />
		<Unit filename="libs/rocksdb-4.2/db/db_wal_test.cc" />
		<Unit filename="libs/rocksdb-4.2/db/dbformat.cc" />
		<Unit filename="libs/rocksdb-4.2/db/dbformat.h" />
		<Unit filename="libs/rocksdb-4.2/db/dbformat_test.cc" />
		<Unit filename="libs/rocksdb-4.2/db/deletefile_test.cc" />
		<Unit filename="libs/rocksdb-4.2/db/event_helpers.cc" />
		<Unit filename="libs/rocksdb-4.2/db/event_helpers.h" />
		<Unit filename="libs/rocksdb-4.2/db/experimental.cc" />
		<Unit filename="libs/rocksdb-4.2/db/fault_injection_test.cc" />
		<Unit filename="libs/rocksdb-4.2/db/file_indexer.cc" />
		<Unit filename="libs/rocksdb-4.2/db/file_indexer.h" />
		<Unit filename="libs/rocksdb-4.2/db/file_indexer_test.cc" />
		<Unit filename="libs/rocksdb-4.2/db/filename.cc" />
		<Unit filename="libs/rocksdb-4.2/db/filename.h" />
		<Unit filename="libs/rocksdb-4.2/db/filename_test.cc" />
		<Unit filename="libs/rocksdb-4.2/db/flush_job.cc" />
		<Unit filename="libs/rocksdb-4.2/db/flush_job.h" />
		<Unit filename="libs/rocksdb-4.2/db/flush_job_test.cc" />
		<Unit filename="libs/rocksdb-4.2/db/flush_scheduler.cc" />
		<Unit filename="libs/rocksdb-4.2/db/flush_scheduler.h" />
		<Unit filename="libs/rocksdb-4.2/db/forward_iterator.cc" />
		<Unit filename="libs/rocksdb-4.2/db/forward_iterator.h" />
		<Unit filename="libs/rocksdb-4.2/db/internal_stats.cc" />
		<Unit filename="libs/rocksdb-4.2/db/internal_stats.h" />
		<Unit filename="libs/rocksdb-4.2/db/job_context.h" />
		<Unit filename="libs/rocksdb-4.2/db/listener_test.cc" />
		<Unit filename="libs/rocksdb-4.2/db/log_format.h" />
		<Unit filename="libs/rocksdb-4.2/db/log_reader.cc" />
		<Unit filename="libs/rocksdb-4.2/db/log_reader.h" />
		<Unit filename="libs/rocksdb-4.2/db/log_test.cc" />
		<Unit filename="libs/rocksdb-4.2/db/log_writer.cc" />
		<Unit filename="libs/rocksdb-4.2/db/log_writer.h" />
		<Unit filename="libs/rocksdb-4.2/db/managed_iterator.cc" />
		<Unit filename="libs/rocksdb-4.2/db/managed_iterator.h" />
		<Unit filename="libs/rocksdb-4.2/db/manual_compaction_test.cc" />
		<Unit filename="libs/rocksdb-4.2/db/memtable.cc" />
		<Unit filename="libs/rocksdb-4.2/db/memtable.h" />
		<Unit filename="libs/rocksdb-4.2/db/memtable_allocator.cc" />
		<Unit filename="libs/rocksdb-4.2/db/memtable_allocator.h" />
		<Unit filename="libs/rocksdb-4.2/db/memtable_list.cc" />
		<Unit filename="libs/rocksdb-4.2/db/memtable_list.h" />
		<Unit filename="libs/rocksdb-4.2/db/memtable_list_test.cc" />
		<Unit filename="libs/rocksdb-4.2/db/memtablerep_bench.cc" />
		<Unit filename="libs/rocksdb-4.2/db/merge_context.h" />
		<Unit filename="libs/rocksdb-4.2/db/merge_helper.cc" />
		<Unit filename="libs/rocksdb-4.2/db/merge_helper.h" />
		<Unit filename="libs/rocksdb-4.2/db/merge_helper_test.cc" />
		<Unit filename="libs/rocksdb-4.2/db/merge_operator.cc" />
		<Unit filename="libs/rocksdb-4.2/db/merge_test.cc" />
		<Unit filename="libs/rocksdb-4.2/db/perf_context_test.cc" />
		<Unit filename="libs/rocksdb-4.2/db/plain_table_db_test.cc" />
		<Unit filename="libs/rocksdb-4.2/db/prefix_test.cc" />
		<Unit filename="libs/rocksdb-4.2/db/repair.cc" />
		<Unit filename="libs/rocksdb-4.2/db/skiplist.h" />
		<Unit filename="libs/rocksdb-4.2/db/skiplist_test.cc" />
		<Unit filename="libs/rocksdb-4.2/db/slice.cc" />
		<Unit filename="libs/rocksdb-4.2/db/snapshot_impl.cc" />
		<Unit filename="libs/rocksdb-4.2/db/snapshot_impl.h" />
		<Unit filename="libs/rocksdb-4.2/db/table_cache.cc" />
		<Unit filename="libs/rocksdb-4.2/db/table_cache.h" />
		<Unit filename="libs/rocksdb-4.2/db/table_properties_collector.cc" />
		<Unit filename="libs/rocksdb-4.2/db/table_properties_collector.h" />
		<Unit filename="libs/rocksdb-4.2/db/table_properties_collector_test.cc" />
		<Unit filename="libs/rocksdb-4.2/db/transaction_log_impl.cc" />
		<Unit filename="libs/rocksdb-4.2/db/transaction_log_impl.h" />
		<Unit filename="libs/rocksdb-4.2/db/version_builder.cc" />
		<Unit filename="libs/rocksdb-4.2/db/version_builder.h" />
		<Unit filename="libs/rocksdb-4.2/db/version_builder_test.cc" />
		<Unit filename="libs/rocksdb-4.2/db/version_edit.cc" />
		<Unit filename="libs/rocksdb-4.2/db/version_edit.h" />
		<Unit filename="libs/rocksdb-4.2/db/version_edit_test.cc" />
		<Unit filename="libs/rocksdb-4.2/db/version_set.cc" />
		<Unit filename="libs/rocksdb-4.2/db/version_set.h" />
		<Unit filename="libs/rocksdb-4.2/db/version_set_test.cc" />
		<Unit filename="libs/rocksdb-4.2/db/wal_manager.cc" />
		<Unit filename="libs/rocksdb-4.2/db/wal_manager.h" />
		<Unit filename="libs/rocksdb-4.2/db/wal_manager_test.cc" />
		<Unit filename="libs/rocksdb-4.2/db/write_batch.cc" />
		<Unit filename="libs/rocksdb-4.2/db/write_batch_base.cc" />
		<Unit filename="libs/rocksdb-4.2/db/write_batch_internal.h" />
		<Unit filename="libs/rocksdb-4.2/db/write_batch_test.cc" />
		<Unit filename="libs/rocksdb-4.2/db/write_callback.h" />
		<Unit filename="libs/rocksdb-4.2/db/write_callback_test.cc" />
		<Unit filename="libs/rocksdb-4.2/db/write_controller.cc" />
		<Unit filename="libs/rocksdb-4.2/db/write_controller.h" />
		<Unit filename="libs/rocksdb-4.2/db/write_controller_test.cc" />
		<Unit filename="libs/rocksdb-4.2/db/write_thread.cc" />
		<Unit filename="libs/rocksdb-4.2/db/write_thread.h" />
		<Unit filename="libs/rocksdb-4.2/db/writebuffer.h" />
		<Unit filename="libs/rocksdb-4.2/doc/doc.css" />
		<Unit filename="libs/rocksdb-4.2/doc/index.html" />
		<Unit filename="libs/rocksdb-4.2/doc/log_format.txt" />
		<Unit filename="libs/rocksdb-4.2/doc/rockslogo.jpg" />
		<Unit filename="libs/rocksdb-4.2/doc/rockslogo.png" />
		<Unit filename="libs/rocksdb-4.2/examples/Makefile" />
		<Unit filename="libs/rocksdb-4.2/examples/README.md" />
		<Unit filename="libs/rocksdb-4.2/examples/c_simple_example.c">
			<Option compilerVar="CC" />
		</Unit>
		<Unit filename="libs/rocksdb-4.2/examples/column_families_example.cc" />
		<Unit filename="libs/rocksdb-4.2/examples/compact_files_example.cc" />
		<Unit filename="libs/rocksdb-4.2/examples/compaction_filter_example.cc" />
		<Unit filename="libs/rocksdb-4.2/examples/optimistic_transaction_example.cc" />
		<Unit filename="libs/rocksdb-4.2/examples/rocksdb_option_file_example.ini" />
		<Unit filename="libs/rocksdb-4.2/examples/simple_example.cc" />
		<Unit filename="libs/rocksdb-4.2/examples/transaction_example.cc" />
		<Unit filename="libs/rocksdb-4.2/hdfs/README" />
		<Unit filename="libs/rocksdb-4.2/hdfs/env_hdfs.h" />
		<Unit filename="libs/rocksdb-4.2/hdfs/setup.sh" />
		<Unit filename="libs/rocksdb-4.2/include/rocksdb/c.h" />
		<Unit filename="libs/rocksdb-4.2/include/rocksdb/cache.h" />
		<Unit filename="libs/rocksdb-4.2/include/rocksdb/compaction_filter.h" />
		<Unit filename="libs/rocksdb-4.2/include/rocksdb/compaction_job_stats.h" />
		<Unit filename="libs/rocksdb-4.2/include/rocksdb/comparator.h" />
		<Unit filename="libs/rocksdb-4.2/include/rocksdb/convenience.h" />
		<Unit filename="libs/rocksdb-4.2/include/rocksdb/db.h" />
		<Unit filename="libs/rocksdb-4.2/include/rocksdb/db_dump_tool.h" />
		<Unit filename="libs/rocksdb-4.2/include/rocksdb/delete_scheduler.h" />
		<Unit filename="libs/rocksdb-4.2/include/rocksdb/env.h" />
		<Unit filename="libs/rocksdb-4.2/include/rocksdb/experimental.h" />
		<Unit filename="libs/rocksdb-4.2/include/rocksdb/filter_policy.h" />
		<Unit filename="libs/rocksdb-4.2/include/rocksdb/flush_block_policy.h" />
		<Unit filename="libs/rocksdb-4.2/include/rocksdb/immutable_options.h" />
		<Unit filename="libs/rocksdb-4.2/include/rocksdb/iostats_context.h" />
		<Unit filename="libs/rocksdb-4.2/include/rocksdb/iterator.h" />
		<Unit filename="libs/rocksdb-4.2/include/rocksdb/ldb_tool.h" />
		<Unit filename="libs/rocksdb-4.2/include/rocksdb/listener.h" />
		<Unit filename="libs/rocksdb-4.2/include/rocksdb/memtablerep.h" />
		<Unit filename="libs/rocksdb-4.2/include/rocksdb/merge_operator.h" />
		<Unit filename="libs/rocksdb-4.2/include/rocksdb/metadata.h" />
		<Unit filename="libs/rocksdb-4.2/include/rocksdb/options.h" />
		<Unit filename="libs/rocksdb-4.2/include/rocksdb/perf_context.h" />
		<Unit filename="libs/rocksdb-4.2/include/rocksdb/perf_level.h" />
		<Unit filename="libs/rocksdb-4.2/include/rocksdb/rate_limiter.h" />
		<Unit filename="libs/rocksdb-4.2/include/rocksdb/slice.h" />
		<Unit filename="libs/rocksdb-4.2/include/rocksdb/slice_transform.h" />
		<Unit filename="libs/rocksdb-4.2/include/rocksdb/snapshot.h" />
		<Unit filename="libs/rocksdb-4.2/include/rocksdb/sst_dump_tool.h" />
		<Unit filename="libs/rocksdb-4.2/include/rocksdb/sst_file_writer.h" />
		<Unit filename="libs/rocksdb-4.2/include/rocksdb/statistics.h" />
		<Unit filename="libs/rocksdb-4.2/include/rocksdb/status.h" />
		<Unit filename="libs/rocksdb-4.2/include/rocksdb/table.h" />
		<Unit filename="libs/rocksdb-4.2/include/rocksdb/table_properties.h" />
		<Unit filename="libs/rocksdb-4.2/include/rocksdb/thread_status.h" />
		<Unit filename="libs/rocksdb-4.2/include/rocksdb/transaction_log.h" />
		<Unit filename="libs/rocksdb-4.2/include/rocksdb/types.h" />
		<Unit filename="libs/rocksdb-4.2/include/rocksdb/universal_compaction.h" />
		<Unit filename="libs/rocksdb-4.2/include/rocksdb/utilities/backupable_db.h" />
		<Unit filename="libs/rocksdb-4.2/include/rocksdb/utilities/checkpoint.h" />
		<Unit filename="libs/rocksdb-4.2/include/rocksdb/utilities/convenience.h" />
		<Unit filename="libs/rocksdb-4.2/include/rocksdb/utilities/db_ttl.h" />
		<Unit filename="libs/rocksdb-4.2/include/rocksdb/utilities/document_db.h" />
		<Unit filename="libs/rocksdb-4.2/include/rocksdb/utilities/flashcache.h" />
		<Unit filename="libs/rocksdb-4.2/include/rocksdb/utilities/geo_db.h" />
		<Unit filename="libs/rocksdb-4.2/include/rocksdb/utilities/info_log_finder.h" />
		<Unit filename="libs/rocksdb-4.2/include/rocksdb/utilities/json_document.h" />
		<Unit filename="libs/rocksdb-4.2/include/rocksdb/utilities/leveldb_options.h" />
		<Unit filename="libs/rocksdb-4.2/include/rocksdb/utilities/memory_util.h" />
		<Unit filename="libs/rocksdb-4.2/include/rocksdb/utilities/optimistic_transaction_db.h" />
		<Unit filename="libs/rocksdb-4.2/include/rocksdb/utilities/spatial_db.h" />
		<Unit filename="libs/rocksdb-4.2/include/rocksdb/utilities/stackable_db.h" />
		<Unit filename="libs/rocksdb-4.2/include/rocksdb/utilities/table_properties_collectors.h" />
		<Unit filename="libs/rocksdb-4.2/include/rocksdb/utilities/transaction.h" />
		<Unit filename="libs/rocksdb-4.2/include/rocksdb/utilities/transaction_db.h" />
		<Unit filename="libs/rocksdb-4.2/include/rocksdb/utilities/transaction_db_mutex.h" />
		<Unit filename="libs/rocksdb-4.2/include/rocksdb/utilities/utility_db.h" />
		<Unit filename="libs/rocksdb-4.2/include/rocksdb/utilities/write_batch_with_index.h" />
		<Unit filename="libs/rocksdb-4.2/include/rocksdb/version.h" />
		<Unit filename="libs/rocksdb-4.2/include/rocksdb/wal_filter.h" />
		<Unit filename="libs/rocksdb-4.2/include/rocksdb/write_batch.h" />
		<Unit filename="libs/rocksdb-4.2/include/rocksdb/write_batch_base.h" />
		<Unit filename="libs/rocksdb-4.2/java/HISTORY-JAVA.md" />
		<Unit filename="libs/rocksdb-4.2/java/Makefile" />
		<Unit filename="libs/rocksdb-4.2/java/RELEASE.md" />
		<Unit filename="libs/rocksdb-4.2/java/benchmark/src/main/java/org/rocksdb/benchmark/DbBenchmark.java" />
		<Unit filename="libs/rocksdb-4.2/java/crossbuild/Vagrantfile" />
		<Unit filename="libs/rocksdb-4.2/java/crossbuild/build-linux-centos.sh" />
		<Unit filename="libs/rocksdb-4.2/java/crossbuild/build-linux.sh" />
		<Unit filename="libs/rocksdb-4.2/java/jdb_bench.sh" />
		<Unit filename="libs/rocksdb-4.2/java/rocksjni.pom" />
		<Unit filename="libs/rocksdb-4.2/java/rocksjni/backupablejni.cc" />
		<Unit filename="libs/rocksdb-4.2/java/rocksjni/backupenginejni.cc" />
		<Unit filename="libs/rocksdb-4.2/java/rocksjni/checkpoint.cc" />
		<Unit filename="libs/rocksdb-4.2/java/rocksjni/columnfamilyhandle.cc" />
		<Unit filename="libs/rocksdb-4.2/java/rocksjni/compaction_filter.cc" />
		<Unit filename="libs/rocksdb-4.2/java/rocksjni/comparator.cc" />
		<Unit filename="libs/rocksdb-4.2/java/rocksjni/comparatorjnicallback.cc" />
		<Unit filename="libs/rocksdb-4.2/java/rocksjni/comparatorjnicallback.h" />
		<Unit filename="libs/rocksdb-4.2/java/rocksjni/env.cc" />
		<Unit filename="libs/rocksdb-4.2/java/rocksjni/filter.cc" />
		<Unit filename="libs/rocksdb-4.2/java/rocksjni/iterator.cc" />
		<Unit filename="libs/rocksdb-4.2/java/rocksjni/loggerjnicallback.cc" />
		<Unit filename="libs/rocksdb-4.2/java/rocksjni/loggerjnicallback.h" />
		<Unit filename="libs/rocksdb-4.2/java/rocksjni/memtablejni.cc" />
		<Unit filename="libs/rocksdb-4.2/java/rocksjni/merge_operator.cc" />
		<Unit filename="libs/rocksdb-4.2/java/rocksjni/options.cc" />
		<Unit filename="libs/rocksdb-4.2/java/rocksjni/portal.h" />
		<Unit filename="libs/rocksdb-4.2/java/rocksjni/ratelimiterjni.cc" />
		<Unit filename="libs/rocksdb-4.2/java/rocksjni/remove_emptyvalue_compactionfilterjni.cc" />
		<Unit filename="libs/rocksdb-4.2/java/rocksjni/restorejni.cc" />
		<Unit filename="libs/rocksdb-4.2/java/rocksjni/rocksjni.cc" />
		<Unit filename="libs/rocksdb-4.2/java/rocksjni/slice.cc" />
		<Unit filename="libs/rocksdb-4.2/java/rocksjni/snapshot.cc" />
		<Unit filename="libs/rocksdb-4.2/java/rocksjni/statistics.cc" />
		<Unit filename="libs/rocksdb-4.2/java/rocksjni/table.cc" />
		<Unit filename="libs/rocksdb-4.2/java/rocksjni/transaction_log.cc" />
		<Unit filename="libs/rocksdb-4.2/java/rocksjni/ttl.cc" />
		<Unit filename="libs/rocksdb-4.2/java/rocksjni/write_batch.cc" />
		<Unit filename="libs/rocksdb-4.2/java/rocksjni/write_batch_test.cc" />
		<Unit filename="libs/rocksdb-4.2/java/rocksjni/write_batch_with_index.cc" />
		<Unit filename="libs/rocksdb-4.2/java/rocksjni/writebatchhandlerjnicallback.cc" />
		<Unit filename="libs/rocksdb-4.2/java/rocksjni/writebatchhandlerjnicallback.h" />
		<Unit filename="libs/rocksdb-4.2/java/samples/src/main/java/RocksDBColumnFamilySample.java" />
		<Unit filename="libs/rocksdb-4.2/java/samples/src/main/java/RocksDBSample.java" />
		<Unit filename="libs/rocksdb-4.2/java/src/main/java/org/rocksdb/AbstractCompactionFilter.java" />
		<Unit filename="libs/rocksdb-4.2/java/src/main/java/org/rocksdb/AbstractComparator.java" />
		<Unit filename="libs/rocksdb-4.2/java/src/main/java/org/rocksdb/AbstractRocksIterator.java" />
		<Unit filename="libs/rocksdb-4.2/java/src/main/java/org/rocksdb/AbstractSlice.java" />
		<Unit filename="libs/rocksdb-4.2/java/src/main/java/org/rocksdb/AbstractWriteBatch.java" />
		<Unit filename="libs/rocksdb-4.2/java/src/main/java/org/rocksdb/BackupEngine.java" />
		<Unit filename="libs/rocksdb-4.2/java/src/main/java/org/rocksdb/BackupInfo.java" />
		<Unit filename="libs/rocksdb-4.2/java/src/main/java/org/rocksdb/BackupableDB.java" />
		<Unit filename="libs/rocksdb-4.2/java/src/main/java/org/rocksdb/BackupableDBOptions.java" />
		<Unit filename="libs/rocksdb-4.2/java/src/main/java/org/rocksdb/BlockBasedTableConfig.java" />
		<Unit filename="libs/rocksdb-4.2/java/src/main/java/org/rocksdb/BloomFilter.java" />
		<Unit filename="libs/rocksdb-4.2/java/src/main/java/org/rocksdb/BuiltinComparator.java" />
		<Unit filename="libs/rocksdb-4.2/java/src/main/java/org/rocksdb/Checkpoint.java" />
		<Unit filename="libs/rocksdb-4.2/java/src/main/java/org/rocksdb/ChecksumType.java" />
		<Unit filename="libs/rocksdb-4.2/java/src/main/java/org/rocksdb/ColumnFamilyDescriptor.java" />
		<Unit filename="libs/rocksdb-4.2/java/src/main/java/org/rocksdb/ColumnFamilyHandle.java" />
		<Unit filename="libs/rocksdb-4.2/java/src/main/java/org/rocksdb/ColumnFamilyOptions.java" />
		<Unit filename="libs/rocksdb-4.2/java/src/main/java/org/rocksdb/ColumnFamilyOptionsInterface.java" />
		<Unit filename="libs/rocksdb-4.2/java/src/main/java/org/rocksdb/CompactionStyle.java" />
		<Unit filename="libs/rocksdb-4.2/java/src/main/java/org/rocksdb/Comparator.java" />
		<Unit filename="libs/rocksdb-4.2/java/src/main/java/org/rocksdb/ComparatorOptions.java" />
		<Unit filename="libs/rocksdb-4.2/java/src/main/java/org/rocksdb/CompressionType.java" />
		<Unit filename="libs/rocksdb-4.2/java/src/main/java/org/rocksdb/DBOptions.java" />
		<Unit filename="libs/rocksdb-4.2/java/src/main/java/org/rocksdb/DBOptionsInterface.java" />
		<Unit filename="libs/rocksdb-4.2/java/src/main/java/org/rocksdb/DirectComparator.java" />
		<Unit filename="libs/rocksdb-4.2/java/src/main/java/org/rocksdb/DirectSlice.java" />
		<Unit filename="libs/rocksdb-4.2/java/src/main/java/org/rocksdb/EncodingType.java" />
		<Unit filename="libs/rocksdb-4.2/java/src/main/java/org/rocksdb/Env.java" />
		<Unit filename="libs/rocksdb-4.2/java/src/main/java/org/rocksdb/Filter.java" />
		<Unit filename="libs/rocksdb-4.2/java/src/main/java/org/rocksdb/FlushOptions.java" />
		<Unit filename="libs/rocksdb-4.2/java/src/main/java/org/rocksdb/GenericRateLimiterConfig.java" />
		<Unit filename="libs/rocksdb-4.2/java/src/main/java/org/rocksdb/HashLinkedListMemTableConfig.java" />
		<Unit filename="libs/rocksdb-4.2/java/src/main/java/org/rocksdb/HashSkipListMemTableConfig.java" />
		<Unit filename="libs/rocksdb-4.2/java/src/main/java/org/rocksdb/HistogramData.java" />
		<Unit filename="libs/rocksdb-4.2/java/src/main/java/org/rocksdb/HistogramType.java" />
		<Unit filename="libs/rocksdb-4.2/java/src/main/java/org/rocksdb/IndexType.java" />
		<Unit filename="libs/rocksdb-4.2/java/src/main/java/org/rocksdb/InfoLogLevel.java" />
		<Unit filename="libs/rocksdb-4.2/java/src/main/java/org/rocksdb/Logger.java" />
		<Unit filename="libs/rocksdb-4.2/java/src/main/java/org/rocksdb/MemTableConfig.java" />
		<Unit filename="libs/rocksdb-4.2/java/src/main/java/org/rocksdb/MergeOperator.java" />
		<Unit filename="libs/rocksdb-4.2/java/src/main/java/org/rocksdb/NativeLibraryLoader.java" />
		<Unit filename="libs/rocksdb-4.2/java/src/main/java/org/rocksdb/Options.java" />
		<Unit filename="libs/rocksdb-4.2/java/src/main/java/org/rocksdb/PlainTableConfig.java" />
		<Unit filename="libs/rocksdb-4.2/java/src/main/java/org/rocksdb/RateLimiterConfig.java" />
		<Unit filename="libs/rocksdb-4.2/java/src/main/java/org/rocksdb/ReadOptions.java" />
		<Unit filename="libs/rocksdb-4.2/java/src/main/java/org/rocksdb/RemoveEmptyValueCompactionFilter.java" />
		<Unit filename="libs/rocksdb-4.2/java/src/main/java/org/rocksdb/RestoreBackupableDB.java" />
		<Unit filename="libs/rocksdb-4.2/java/src/main/java/org/rocksdb/RestoreOptions.java" />
		<Unit filename="libs/rocksdb-4.2/java/src/main/java/org/rocksdb/RocksDB.java" />
		<Unit filename="libs/rocksdb-4.2/java/src/main/java/org/rocksdb/RocksDBException.java" />
		<Unit filename="libs/rocksdb-4.2/java/src/main/java/org/rocksdb/RocksEnv.java" />
		<Unit filename="libs/rocksdb-4.2/java/src/main/java/org/rocksdb/RocksIterator.java" />
		<Unit filename="libs/rocksdb-4.2/java/src/main/java/org/rocksdb/RocksIteratorInterface.java" />
		<Unit filename="libs/rocksdb-4.2/java/src/main/java/org/rocksdb/RocksMemEnv.java" />
		<Unit filename="libs/rocksdb-4.2/java/src/main/java/org/rocksdb/RocksObject.java" />
		<Unit filename="libs/rocksdb-4.2/java/src/main/java/org/rocksdb/SkipListMemTableConfig.java" />
		<Unit filename="libs/rocksdb-4.2/java/src/main/java/org/rocksdb/Slice.java" />
		<Unit filename="libs/rocksdb-4.2/java/src/main/java/org/rocksdb/Snapshot.java" />
		<Unit filename="libs/rocksdb-4.2/java/src/main/java/org/rocksdb/Statistics.java" />
		<Unit filename="libs/rocksdb-4.2/java/src/main/java/org/rocksdb/StatisticsCollector.java" />
		<Unit filename="libs/rocksdb-4.2/java/src/main/java/org/rocksdb/StatisticsCollectorCallback.java" />
		<Unit filename="libs/rocksdb-4.2/java/src/main/java/org/rocksdb/StatsCollectorInput.java" />
		<Unit filename="libs/rocksdb-4.2/java/src/main/java/org/rocksdb/StringAppendOperator.java" />
		<Unit filename="libs/rocksdb-4.2/java/src/main/java/org/rocksdb/TableFormatConfig.java" />
		<Unit filename="libs/rocksdb-4.2/java/src/main/java/org/rocksdb/TickerType.java" />
		<Unit filename="libs/rocksdb-4.2/java/src/main/java/org/rocksdb/TransactionLogIterator.java" />
		<Unit filename="libs/rocksdb-4.2/java/src/main/java/org/rocksdb/TtlDB.java" />
		<Unit filename="libs/rocksdb-4.2/java/src/main/java/org/rocksdb/VectorMemTableConfig.java" />
		<Unit filename="libs/rocksdb-4.2/java/src/main/java/org/rocksdb/WBWIRocksIterator.java" />
		<Unit filename="libs/rocksdb-4.2/java/src/main/java/org/rocksdb/WriteBatch.java" />
		<Unit filename="libs/rocksdb-4.2/java/src/main/java/org/rocksdb/WriteBatchInterface.java" />
		<Unit filename="libs/rocksdb-4.2/java/src/main/java/org/rocksdb/WriteBatchWithIndex.java" />
		<Unit filename="libs/rocksdb-4.2/java/src/main/java/org/rocksdb/WriteOptions.java" />
		<Unit filename="libs/rocksdb-4.2/java/src/main/java/org/rocksdb/util/Environment.java" />
		<Unit filename="libs/rocksdb-4.2/java/src/main/java/org/rocksdb/util/SizeUnit.java" />
		<Unit filename="libs/rocksdb-4.2/java/src/test/java/org/rocksdb/AbstractComparatorTest.java" />
		<Unit filename="libs/rocksdb-4.2/java/src/test/java/org/rocksdb/BackupEngineTest.java" />
		<Unit filename="libs/rocksdb-4.2/java/src/test/java/org/rocksdb/BackupableDBOptionsTest.java" />
		<Unit filename="libs/rocksdb-4.2/java/src/test/java/org/rocksdb/BackupableDBTest.java" />
		<Unit filename="libs/rocksdb-4.2/java/src/test/java/org/rocksdb/BlockBasedTableConfigTest.java" />
		<Unit filename="libs/rocksdb-4.2/java/src/test/java/org/rocksdb/CheckPointTest.java" />
		<Unit filename="libs/rocksdb-4.2/java/src/test/java/org/rocksdb/ColumnFamilyOptionsTest.java" />
		<Unit filename="libs/rocksdb-4.2/java/src/test/java/org/rocksdb/ColumnFamilyTest.java" />
		<Unit filename="libs/rocksdb-4.2/java/src/test/java/org/rocksdb/ComparatorOptionsTest.java" />
		<Unit filename="libs/rocksdb-4.2/java/src/test/java/org/rocksdb/ComparatorTest.java" />
		<Unit filename="libs/rocksdb-4.2/java/src/test/java/org/rocksdb/CompressionOptionsTest.java" />
		<Unit filename="libs/rocksdb-4.2/java/src/test/java/org/rocksdb/DBOptionsTest.java" />
		<Unit filename="libs/rocksdb-4.2/java/src/test/java/org/rocksdb/DirectComparatorTest.java" />
		<Unit filename="libs/rocksdb-4.2/java/src/test/java/org/rocksdb/DirectSliceTest.java" />
		<Unit filename="libs/rocksdb-4.2/java/src/test/java/org/rocksdb/FilterTest.java" />
		<Unit filename="libs/rocksdb-4.2/java/src/test/java/org/rocksdb/FlushTest.java" />
		<Unit filename="libs/rocksdb-4.2/java/src/test/java/org/rocksdb/InfoLogLevelTest.java" />
		<Unit filename="libs/rocksdb-4.2/java/src/test/java/org/rocksdb/KeyMayExistTest.java" />
		<Unit filename="libs/rocksdb-4.2/java/src/test/java/org/rocksdb/LoggerTest.java" />
		<Unit filename="libs/rocksdb-4.2/java/src/test/java/org/rocksdb/MemTableTest.java" />
		<Unit filename="libs/rocksdb-4.2/java/src/test/java/org/rocksdb/MergeTest.java" />
		<Unit filename="libs/rocksdb-4.2/java/src/test/java/org/rocksdb/MixedOptionsTest.java" />
		<Unit filename="libs/rocksdb-4.2/java/src/test/java/org/rocksdb/NativeLibraryLoaderTest.java" />
		<Unit filename="libs/rocksdb-4.2/java/src/test/java/org/rocksdb/OptionsTest.java" />
		<Unit filename="libs/rocksdb-4.2/java/src/test/java/org/rocksdb/PlainTableConfigTest.java" />
		<Unit filename="libs/rocksdb-4.2/java/src/test/java/org/rocksdb/PlatformRandomHelper.java" />
		<Unit filename="libs/rocksdb-4.2/java/src/test/java/org/rocksdb/ReadOnlyTest.java" />
		<Unit filename="libs/rocksdb-4.2/java/src/test/java/org/rocksdb/ReadOptionsTest.java" />
		<Unit filename="libs/rocksdb-4.2/java/src/test/java/org/rocksdb/RocksDBTest.java" />
		<Unit filename="libs/rocksdb-4.2/java/src/test/java/org/rocksdb/RocksEnvTest.java" />
		<Unit filename="libs/rocksdb-4.2/java/src/test/java/org/rocksdb/RocksIteratorTest.java" />
		<Unit filename="libs/rocksdb-4.2/java/src/test/java/org/rocksdb/RocksMemEnvTest.java" />
		<Unit filename="libs/rocksdb-4.2/java/src/test/java/org/rocksdb/RocksMemoryResource.java" />
		<Unit filename="libs/rocksdb-4.2/java/src/test/java/org/rocksdb/SliceTest.java" />
		<Unit filename="libs/rocksdb-4.2/java/src/test/java/org/rocksdb/SnapshotTest.java" />
		<Unit filename="libs/rocksdb-4.2/java/src/test/java/org/rocksdb/StatisticsCollectorTest.java" />
		<Unit filename="libs/rocksdb-4.2/java/src/test/java/org/rocksdb/StatsCallbackMock.java" />
		<Unit filename="libs/rocksdb-4.2/java/src/test/java/org/rocksdb/TransactionLogIteratorTest.java" />
		<Unit filename="libs/rocksdb-4.2/java/src/test/java/org/rocksdb/TtlDBTest.java" />
		<Unit filename="libs/rocksdb-4.2/java/src/test/java/org/rocksdb/Types.java" />
		<Unit filename="libs/rocksdb-4.2/java/src/test/java/org/rocksdb/WriteBatchHandlerTest.java" />
		<Unit filename="libs/rocksdb-4.2/java/src/test/java/org/rocksdb/WriteBatchTest.java" />
		<Unit filename="libs/rocksdb-4.2/java/src/test/java/org/rocksdb/WriteBatchWithIndexTest.java" />
		<Unit filename="libs/rocksdb-4.2/java/src/test/java/org/rocksdb/WriteOptionsTest.java" />
		<Unit filename="libs/rocksdb-4.2/java/src/test/java/org/rocksdb/test/RocksJunitRunner.java" />
		<Unit filename="libs/rocksdb-4.2/java/src/test/java/org/rocksdb/util/EnvironmentTest.java" />
		<Unit filename="libs/rocksdb-4.2/java/src/test/java/org/rocksdb/util/SizeUnitTest.java" />
		<Unit filename="libs/rocksdb-4.2/memtable/hash_cuckoo_rep.cc" />
		<Unit filename="libs/rocksdb-4.2/memtable/hash_cuckoo_rep.h" />
		<Unit filename="libs/rocksdb-4.2/memtable/hash_linklist_rep.cc" />
		<Unit filename="libs/rocksdb-4.2/memtable/hash_linklist_rep.h" />
		<Unit filename="libs/rocksdb-4.2/memtable/hash_skiplist_rep.cc" />
		<Unit filename="libs/rocksdb-4.2/memtable/hash_skiplist_rep.h" />
		<Unit filename="libs/rocksdb-4.2/memtable/stl_wrappers.h" />
		<Unit filename="libs/rocksdb-4.2/port/README" />
		<Unit filename="libs/rocksdb-4.2/port/dirent.h" />
		<Unit filename="libs/rocksdb-4.2/port/likely.h" />
		<Unit filename="libs/rocksdb-4.2/port/port.h" />
		<Unit filename="libs/rocksdb-4.2/port/port_example.h" />
		<Unit filename="libs/rocksdb-4.2/port/port_posix.cc" />
		<Unit filename="libs/rocksdb-4.2/port/port_posix.h" />
		<Unit filename="libs/rocksdb-4.2/port/stack_trace.cc" />
		<Unit filename="libs/rocksdb-4.2/port/stack_trace.h" />
		<Unit filename="libs/rocksdb-4.2/port/sys_time.h" />
		<Unit filename="libs/rocksdb-4.2/port/util_logger.h" />
		<Unit filename="libs/rocksdb-4.2/port/win/env_win.cc" />
		<Unit filename="libs/rocksdb-4.2/port/win/port_win.cc" />
		<Unit filename="libs/rocksdb-4.2/port/win/port_win.h" />
		<Unit filename="libs/rocksdb-4.2/port/win/win_logger.cc" />
		<Unit filename="libs/rocksdb-4.2/port/win/win_logger.h" />
		<Unit filename="libs/rocksdb-4.2/rocksdb/c.h" />
		<Unit filename="libs/rocksdb-4.2/rocksdb/cache.h" />
		<Unit filename="libs/rocksdb-4.2/rocksdb/compaction_filter.h" />
		<Unit filename="libs/rocksdb-4.2/rocksdb/compaction_job_stats.h" />
		<Unit filename="libs/rocksdb-4.2/rocksdb/comparator.h" />
		<Unit filename="libs/rocksdb-4.2/rocksdb/convenience.h" />
		<Unit filename="libs/rocksdb-4.2/rocksdb/db.h" />
		<Unit filename="libs/rocksdb-4.2/rocksdb/db_dump_tool.h" />
		<Unit filename="libs/rocksdb-4.2/rocksdb/delete_scheduler.h" />
		<Unit filename="libs/rocksdb-4.2/rocksdb/env.h" />
		<Unit filename="libs/rocksdb-4.2/rocksdb/experimental.h" />
		<Unit filename="libs/rocksdb-4.2/rocksdb/filter_policy.h" />
		<Unit filename="libs/rocksdb-4.2/rocksdb/flush_block_policy.h" />
		<Unit filename="libs/rocksdb-4.2/rocksdb/immutable_options.h" />
		<Unit filename="libs/rocksdb-4.2/rocksdb/iostats_context.h" />
		<Unit filename="libs/rocksdb-4.2/rocksdb/iterator.h" />
		<Unit filename="libs/rocksdb-4.2/rocksdb/ldb_tool.h" />
		<Unit filename="libs/rocksdb-4.2/rocksdb/listener.h" />
		<Unit filename="libs/rocksdb-4.2/rocksdb/memtablerep.h" />
		<Unit filename="libs/rocksdb-4.2/rocksdb/merge_operator.h" />
		<Unit filename="libs/rocksdb-4.2/rocksdb/metadata.h" />
		<Unit filename="libs/rocksdb-4.2/rocksdb/options.h" />
		<Unit filename="libs/rocksdb-4.2/rocksdb/perf_context.h" />
		<Unit filename="libs/rocksdb-4.2/rocksdb/perf_level.h" />
		<Unit filename="libs/rocksdb-4.2/rocksdb/rate_limiter.h" />
		<Unit filename="libs/rocksdb-4.2/rocksdb/slice.h" />
		<Unit filename="libs/rocksdb-4.2/rocksdb/slice_transform.h" />
		<Unit filename="libs/rocksdb-4.2/rocksdb/snapshot.h" />
		<Unit filename="libs/rocksdb-4.2/rocksdb/sst_dump_tool.h" />
		<Unit filename="libs/rocksdb-4.2/rocksdb/sst_file_writer.h" />
		<Unit filename="libs/rocksdb-4.2/rocksdb/statistics.h" />
		<Unit filename="libs/rocksdb-4.2/rocksdb/status.h" />
		<Unit filename="libs/rocksdb-4.2/rocksdb/table.h" />
		<Unit filename="libs/rocksdb-4.2/rocksdb/table_properties.h" />
		<Unit filename="libs/rocksdb-4.2/rocksdb/thread_status.h" />
		<Unit filename="libs/rocksdb-4.2/rocksdb/transaction_log.h" />
		<Unit filename="libs/rocksdb-4.2/rocksdb/types.h" />
		<Unit filename="libs/rocksdb-4.2/rocksdb/universal_compaction.h" />
		<Unit filename="libs/rocksdb-4.2/rocksdb/utilities/backupable_db.h" />
		<Unit filename="libs/rocksdb-4.2/rocksdb/utilities/checkpoint.h" />
		<Unit filename="libs/rocksdb-4.2/rocksdb/utilities/convenience.h" />
		<Unit filename="libs/rocksdb-4.2/rocksdb/utilities/db_ttl.h" />
		<Unit filename="libs/rocksdb-4.2/rocksdb/utilities/document_db.h" />
		<Unit filename="libs/rocksdb-4.2/rocksdb/utilities/flashcache.h" />
		<Unit filename="libs/rocksdb-4.2/rocksdb/utilities/geo_db.h" />
		<Unit filename="libs/rocksdb-4.2/rocksdb/utilities/info_log_finder.h" />
		<Unit filename="libs/rocksdb-4.2/rocksdb/utilities/json_document.h" />
		<Unit filename="libs/rocksdb-4.2/rocksdb/utilities/leveldb_options.h" />
		<Unit filename="libs/rocksdb-4.2/rocksdb/utilities/memory_util.h" />
		<Unit filename="libs/rocksdb-4.2/rocksdb/utilities/optimistic_transaction_db.h" />
		<Unit filename="libs/rocksdb-4.2/rocksdb/utilities/spatial_db.h" />
		<Unit filename="libs/rocksdb-4.2/rocksdb/utilities/stackable_db.h" />
		<Unit filename="libs/rocksdb-4.2/rocksdb/utilities/table_properties_collectors.h" />
		<Unit filename="libs/rocksdb-4.2/rocksdb/utilities/transaction.h" />
		<Unit filename="libs/rocksdb-4.2/rocksdb/utilities/transaction_db.h" />
		<Unit filename="libs/rocksdb-4.2/rocksdb/utilities/transaction_db_mutex.h" />
		<Unit filename="libs/rocksdb-4.2/rocksdb/utilities/utility_db.h" />
		<Unit filename="libs/rocksdb-4.2/rocksdb/utilities/write_batch_with_index.h" />
		<Unit filename="libs/rocksdb-4.2/rocksdb/version.h" />
		<Unit filename="libs/rocksdb-4.2/rocksdb/wal_filter.h" />
		<Unit filename="libs/rocksdb-4.2/rocksdb/write_batch.h" />
		<Unit filename="libs/rocksdb-4.2/rocksdb/write_batch_base.h" />
		<Unit filename="libs/rocksdb-4.2/src.mk" />
		<Unit filename="libs/rocksdb-4.2/table/adaptive_table_factory.cc" />
		<Unit filename="libs/rocksdb-4.2/table/adaptive_table_factory.h" />
		<Unit filename="libs/rocksdb-4.2/table/block.cc" />
		<Unit filename="libs/rocksdb-4.2/table/block.h" />
		<Unit filename="libs/rocksdb-4.2/table/block_based_filter_block.cc" />
		<Unit filename="libs/rocksdb-4.2/table/block_based_filter_block.h" />
		<Unit filename="libs/rocksdb-4.2/table/block_based_filter_block_test.cc" />
		<Unit filename="libs/rocksdb-4.2/table/block_based_table_builder.cc" />
		<Unit filename="libs/rocksdb-4.2/table/block_based_table_builder.h" />
		<Unit filename="libs/rocksdb-4.2/table/block_based_table_factory.cc" />
		<Unit filename="libs/rocksdb-4.2/table/block_based_table_factory.h" />
		<Unit filename="libs/rocksdb-4.2/table/block_based_table_reader.cc" />
		<Unit filename="libs/rocksdb-4.2/table/block_based_table_reader.h" />
		<Unit filename="libs/rocksdb-4.2/table/block_builder.cc" />
		<Unit filename="libs/rocksdb-4.2/table/block_builder.h" />
		<Unit filename="libs/rocksdb-4.2/table/block_hash_index.cc" />
		<Unit filename="libs/rocksdb-4.2/table/block_hash_index.h" />
		<Unit filename="libs/rocksdb-4.2/table/block_hash_index_test.cc" />
		<Unit filename="libs/rocksdb-4.2/table/block_prefix_index.cc" />
		<Unit filename="libs/rocksdb-4.2/table/block_prefix_index.h" />
		<Unit filename="libs/rocksdb-4.2/table/block_test.cc" />
		<Unit filename="libs/rocksdb-4.2/table/bloom_block.cc" />
		<Unit filename="libs/rocksdb-4.2/table/bloom_block.h" />
		<Unit filename="libs/rocksdb-4.2/table/cuckoo_table_builder.cc" />
		<Unit filename="libs/rocksdb-4.2/table/cuckoo_table_builder.h" />
		<Unit filename="libs/rocksdb-4.2/table/cuckoo_table_builder_test.cc" />
		<Unit filename="libs/rocksdb-4.2/table/cuckoo_table_factory.cc" />
		<Unit filename="libs/rocksdb-4.2/table/cuckoo_table_factory.h" />
		<Unit filename="libs/rocksdb-4.2/table/cuckoo_table_reader.cc" />
		<Unit filename="libs/rocksdb-4.2/table/cuckoo_table_reader.h" />
		<Unit filename="libs/rocksdb-4.2/table/cuckoo_table_reader_test.cc" />
		<Unit filename="libs/rocksdb-4.2/table/filter_block.h" />
		<Unit filename="libs/rocksdb-4.2/table/flush_block_policy.cc" />
		<Unit filename="libs/rocksdb-4.2/table/format.cc" />
		<Unit filename="libs/rocksdb-4.2/table/format.h" />
		<Unit filename="libs/rocksdb-4.2/table/full_filter_block.cc" />
		<Unit filename="libs/rocksdb-4.2/table/full_filter_block.h" />
		<Unit filename="libs/rocksdb-4.2/table/full_filter_block_test.cc" />
		<Unit filename="libs/rocksdb-4.2/table/get_context.cc" />
		<Unit filename="libs/rocksdb-4.2/table/get_context.h" />
		<Unit filename="libs/rocksdb-4.2/table/internal_iterator.h" />
		<Unit filename="libs/rocksdb-4.2/table/iter_heap.h" />
		<Unit filename="libs/rocksdb-4.2/table/iterator.cc" />
		<Unit filename="libs/rocksdb-4.2/table/iterator_wrapper.h" />
		<Unit filename="libs/rocksdb-4.2/table/merger.cc" />
		<Unit filename="libs/rocksdb-4.2/table/merger.h" />
		<Unit filename="libs/rocksdb-4.2/table/merger_test.cc" />
		<Unit filename="libs/rocksdb-4.2/table/meta_blocks.cc" />
		<Unit filename="libs/rocksdb-4.2/table/meta_blocks.h" />
		<Unit filename="libs/rocksdb-4.2/table/mock_table.cc" />
		<Unit filename="libs/rocksdb-4.2/table/mock_table.h" />
		<Unit filename="libs/rocksdb-4.2/table/plain_table_builder.cc" />
		<Unit filename="libs/rocksdb-4.2/table/plain_table_builder.h" />
		<Unit filename="libs/rocksdb-4.2/table/plain_table_factory.cc" />
		<Unit filename="libs/rocksdb-4.2/table/plain_table_factory.h" />
		<Unit filename="libs/rocksdb-4.2/table/plain_table_index.cc" />
		<Unit filename="libs/rocksdb-4.2/table/plain_table_index.h" />
		<Unit filename="libs/rocksdb-4.2/table/plain_table_key_coding.cc" />
		<Unit filename="libs/rocksdb-4.2/table/plain_table_key_coding.h" />
		<Unit filename="libs/rocksdb-4.2/table/plain_table_reader.cc" />
		<Unit filename="libs/rocksdb-4.2/table/plain_table_reader.h" />
		<Unit filename="libs/rocksdb-4.2/table/scoped_arena_iterator.h" />
		<Unit filename="libs/rocksdb-4.2/table/sst_file_writer.cc" />
		<Unit filename="libs/rocksdb-4.2/table/table_builder.h" />
		<Unit filename="libs/rocksdb-4.2/table/table_properties.cc" />
		<Unit filename="libs/rocksdb-4.2/table/table_properties_internal.h" />
		<Unit filename="libs/rocksdb-4.2/table/table_reader.h" />
		<Unit filename="libs/rocksdb-4.2/table/table_reader_bench.cc" />
		<Unit filename="libs/rocksdb-4.2/table/table_test.cc" />
		<Unit filename="libs/rocksdb-4.2/table/two_level_iterator.cc" />
		<Unit filename="libs/rocksdb-4.2/table/two_level_iterator.h" />
		<Unit filename="libs/rocksdb-4.2/third-party/fbson/COMMIT.md" />
		<Unit filename="libs/rocksdb-4.2/third-party/fbson/FbsonDocument.h" />
		<Unit filename="libs/rocksdb-4.2/third-party/fbson/FbsonJsonParser.h" />
		<Unit filename="libs/rocksdb-4.2/third-party/fbson/FbsonStream.h" />
		<Unit filename="libs/rocksdb-4.2/third-party/fbson/FbsonUtil.h" />
		<Unit filename="libs/rocksdb-4.2/third-party/fbson/FbsonWriter.h" />
		<Unit filename="libs/rocksdb-4.2/third-party/flashcache/flashcache_ioctl.h" />
		<Unit filename="libs/rocksdb-4.2/third-party/gtest-1.7.0/fused-src/gtest/CMakeLists.txt" />
		<Unit filename="libs/rocksdb-4.2/third-party/gtest-1.7.0/fused-src/gtest/gtest-all.cc" />
		<Unit filename="libs/rocksdb-4.2/third-party/gtest-1.7.0/fused-src/gtest/gtest.h" />
		<Unit filename="libs/rocksdb-4.2/thirdparty.inc" />
		<Unit filename="libs/rocksdb-4.2/tools/Dockerfile" />
		<Unit filename="libs/rocksdb-4.2/tools/auto_sanity_test.sh" />
		<Unit filename="libs/rocksdb-4.2/tools/benchmark.sh" />
		<Unit filename="libs/rocksdb-4.2/tools/benchmark_leveldb.sh" />
		<Unit filename="libs/rocksdb-4.2/tools/check_format_compatible.sh" />
		<Unit filename="libs/rocksdb-4.2/tools/db_crashtest.py" />
		<Unit filename="libs/rocksdb-4.2/tools/db_repl_stress.cc" />
		<Unit filename="libs/rocksdb-4.2/tools/db_sanity_test.cc" />
		<Unit filename="libs/rocksdb-4.2/tools/db_stress.cc" />
		<Unit filename="libs/rocksdb-4.2/tools/dbench_monitor" />
		<Unit filename="libs/rocksdb-4.2/tools/dump/db_dump_tool.cc" />
		<Unit filename="libs/rocksdb-4.2/tools/dump/rocksdb_dump.cc" />
		<Unit filename="libs/rocksdb-4.2/tools/dump/rocksdb_undump.cc" />
		<Unit filename="libs/rocksdb-4.2/tools/generate_random_db.sh" />
		<Unit filename="libs/rocksdb-4.2/tools/ldb.cc" />
		<Unit filename="libs/rocksdb-4.2/tools/ldb_cmd.cc" />
		<Unit filename="libs/rocksdb-4.2/tools/ldb_cmd.h" />
		<Unit filename="libs/rocksdb-4.2/tools/ldb_cmd_execute_result.h" />
		<Unit filename="libs/rocksdb-4.2/tools/ldb_cmd_test.cc" />
		<Unit filename="libs/rocksdb-4.2/tools/ldb_test.py" />
		<Unit filename="libs/rocksdb-4.2/tools/ldb_tool.cc" />
		<Unit filename="libs/rocksdb-4.2/tools/pflag" />
		<Unit filename="libs/rocksdb-4.2/tools/rdb/API.md" />
		<Unit filename="libs/rocksdb-4.2/tools/rdb/README.md" />
		<Unit filename="libs/rocksdb-4.2/tools/rdb/binding.gyp" />
		<Unit filename="libs/rocksdb-4.2/tools/rdb/db_wrapper.cc" />
		<Unit filename="libs/rocksdb-4.2/tools/rdb/db_wrapper.h" />
		<Unit filename="libs/rocksdb-4.2/tools/rdb/rdb" />
		<Unit filename="libs/rocksdb-4.2/tools/rdb/rdb.cc" />
		<Unit filename="libs/rocksdb-4.2/tools/rdb/unit_test.js" />
		<Unit filename="libs/rocksdb-4.2/tools/reduce_levels_test.cc" />
		<Unit filename="libs/rocksdb-4.2/tools/rocksdb_dump_test.sh" />
		<Unit filename="libs/rocksdb-4.2/tools/run_flash_bench.sh" />
		<Unit filename="libs/rocksdb-4.2/tools/run_leveldb.sh" />
		<Unit filename="libs/rocksdb-4.2/tools/sample-dump.dmp" />
		<Unit filename="libs/rocksdb-4.2/tools/sst_dump.cc" />
		<Unit filename="libs/rocksdb-4.2/tools/sst_dump_test.cc" />
		<Unit filename="libs/rocksdb-4.2/tools/sst_dump_tool.cc" />
		<Unit filename="libs/rocksdb-4.2/tools/sst_dump_tool_imp.h" />
		<Unit filename="libs/rocksdb-4.2/tools/verify_random_db.sh" />
		<Unit filename="libs/rocksdb-4.2/tools/write_stress.cc" />
		<Unit filename="libs/rocksdb-4.2/tools/write_stress_runner.py" />
		<Unit filename="libs/rocksdb-4.2/util/aligned_buffer.h" />
		<Unit filename="libs/rocksdb-4.2/util/allocator.h" />
		<Unit filename="libs/rocksdb-4.2/util/arena.cc" />
		<Unit filename="libs/rocksdb-4.2/util/arena.h" />
		<Unit filename="libs/rocksdb-4.2/util/arena_test.cc" />
		<Unit filename="libs/rocksdb-4.2/util/auto_roll_logger.cc" />
		<Unit filename="libs/rocksdb-4.2/util/auto_roll_logger.h" />
		<Unit filename="libs/rocksdb-4.2/util/auto_roll_logger_test.cc" />
		<Unit filename="libs/rocksdb-4.2/util/autovector.h" />
		<Unit filename="libs/rocksdb-4.2/util/autovector_test.cc" />
		<Unit filename="libs/rocksdb-4.2/util/bloom.cc" />
		<Unit filename="libs/rocksdb-4.2/util/bloom_test.cc" />
		<Unit filename="libs/rocksdb-4.2/util/build_version.h" />
		<Unit filename="libs/rocksdb-4.2/util/cache.cc" />
		<Unit filename="libs/rocksdb-4.2/util/cache_bench.cc" />
		<Unit filename="libs/rocksdb-4.2/util/cache_test.cc" />
		<Unit filename="libs/rocksdb-4.2/util/channel.h" />
		<Unit filename="libs/rocksdb-4.2/util/coding.cc" />
		<Unit filename="libs/rocksdb-4.2/util/coding.h" />
		<Unit filename="libs/rocksdb-4.2/util/coding_test.cc" />
		<Unit filename="libs/rocksdb-4.2/util/compaction_job_stats_impl.cc" />
		<Unit filename="libs/rocksdb-4.2/util/comparator.cc" />
		<Unit filename="libs/rocksdb-4.2/util/compression.h" />
		<Unit filename="libs/rocksdb-4.2/util/crc32c.cc" />
		<Unit filename="libs/rocksdb-4.2/util/crc32c.h" />
		<Unit filename="libs/rocksdb-4.2/util/crc32c_test.cc" />
		<Unit filename="libs/rocksdb-4.2/util/db_info_dumper.cc" />
		<Unit filename="libs/rocksdb-4.2/util/db_info_dumper.h" />
		<Unit filename="libs/rocksdb-4.2/util/delete_scheduler_impl.cc" />
		<Unit filename="libs/rocksdb-4.2/util/delete_scheduler_impl.h" />
		<Unit filename="libs/rocksdb-4.2/util/delete_scheduler_test.cc" />
		<Unit filename="libs/rocksdb-4.2/util/dynamic_bloom.cc" />
		<Unit filename="libs/rocksdb-4.2/util/dynamic_bloom.h" />
		<Unit filename="libs/rocksdb-4.2/util/dynamic_bloom_test.cc" />
		<Unit filename="libs/rocksdb-4.2/util/env.cc" />
		<Unit filename="libs/rocksdb-4.2/util/env_hdfs.cc" />
		<Unit filename="libs/rocksdb-4.2/util/env_posix.cc" />
		<Unit filename="libs/rocksdb-4.2/util/env_test.cc" />
		<Unit filename="libs/rocksdb-4.2/util/event_logger.cc" />
		<Unit filename="libs/rocksdb-4.2/util/event_logger.h" />
		<Unit filename="libs/rocksdb-4.2/util/event_logger_test.cc" />
		<Unit filename="libs/rocksdb-4.2/util/file_reader_writer.cc" />
		<Unit filename="libs/rocksdb-4.2/util/file_reader_writer.h" />
		<Unit filename="libs/rocksdb-4.2/util/file_reader_writer_test.cc" />
		<Unit filename="libs/rocksdb-4.2/util/file_util.cc" />
		<Unit filename="libs/rocksdb-4.2/util/file_util.h" />
		<Unit filename="libs/rocksdb-4.2/util/filelock_test.cc" />
		<Unit filename="libs/rocksdb-4.2/util/filter_policy.cc" />
		<Unit filename="libs/rocksdb-4.2/util/hash.cc" />
		<Unit filename="libs/rocksdb-4.2/util/hash.h" />
		<Unit filename="libs/rocksdb-4.2/util/heap.h" />
		<Unit filename="libs/rocksdb-4.2/util/heap_test.cc" />
		<Unit filename="libs/rocksdb-4.2/util/histogram.cc" />
		<Unit filename="libs/rocksdb-4.2/util/histogram.h" />
		<Unit filename="libs/rocksdb-4.2/util/histogram_test.cc" />
		<Unit filename="libs/rocksdb-4.2/util/instrumented_mutex.cc" />
		<Unit filename="libs/rocksdb-4.2/util/instrumented_mutex.h" />
		<Unit filename="libs/rocksdb-4.2/util/io_posix.cc" />
		<Unit filename="libs/rocksdb-4.2/util/io_posix.h" />
		<Unit filename="libs/rocksdb-4.2/util/iostats_context.cc" />
		<Unit filename="libs/rocksdb-4.2/util/iostats_context_imp.h" />
		<Unit filename="libs/rocksdb-4.2/util/kv_map.h" />
		<Unit filename="libs/rocksdb-4.2/util/log_buffer.cc" />
		<Unit filename="libs/rocksdb-4.2/util/log_buffer.h" />
		<Unit filename="libs/rocksdb-4.2/util/log_write_bench.cc" />
		<Unit filename="libs/rocksdb-4.2/util/logging.cc" />
		<Unit filename="libs/rocksdb-4.2/util/logging.h" />
		<Unit filename="libs/rocksdb-4.2/util/memenv.cc" />
		<Unit filename="libs/rocksdb-4.2/util/memenv_test.cc" />
		<Unit filename="libs/rocksdb-4.2/util/mock_env.cc" />
		<Unit filename="libs/rocksdb-4.2/util/mock_env.h" />
		<Unit filename="libs/rocksdb-4.2/util/mock_env_test.cc" />
		<Unit filename="libs/rocksdb-4.2/util/murmurhash.cc" />
		<Unit filename="libs/rocksdb-4.2/util/murmurhash.h" />
		<Unit filename="libs/rocksdb-4.2/util/mutable_cf_options.cc" />
		<Unit filename="libs/rocksdb-4.2/util/mutable_cf_options.h" />
		<Unit filename="libs/rocksdb-4.2/util/mutexlock.h" />
		<Unit filename="libs/rocksdb-4.2/util/options.cc" />
		<Unit filename="libs/rocksdb-4.2/util/options_builder.cc" />
		<Unit filename="libs/rocksdb-4.2/util/options_helper.cc" />
		<Unit filename="libs/rocksdb-4.2/util/options_helper.h" />
		<Unit filename="libs/rocksdb-4.2/util/options_parser.cc" />
		<Unit filename="libs/rocksdb-4.2/util/options_parser.h" />
		<Unit filename="libs/rocksdb-4.2/util/options_sanity_check.cc" />
		<Unit filename="libs/rocksdb-4.2/util/options_sanity_check.h" />
		<Unit filename="libs/rocksdb-4.2/util/options_test.cc" />
		<Unit filename="libs/rocksdb-4.2/util/perf_context.cc" />
		<Unit filename="libs/rocksdb-4.2/util/perf_context_imp.h" />
		<Unit filename="libs/rocksdb-4.2/util/perf_level.cc" />
		<Unit filename="libs/rocksdb-4.2/util/perf_level_imp.h" />
		<Unit filename="libs/rocksdb-4.2/util/perf_step_timer.h" />
		<Unit filename="libs/rocksdb-4.2/util/posix_logger.h" />
		<Unit filename="libs/rocksdb-4.2/util/random.h" />
		<Unit filename="libs/rocksdb-4.2/util/rate_limiter.cc" />
		<Unit filename="libs/rocksdb-4.2/util/rate_limiter.h" />
		<Unit filename="libs/rocksdb-4.2/util/rate_limiter_test.cc" />
		<Unit filename="libs/rocksdb-4.2/util/skiplistrep.cc" />
		<Unit filename="libs/rocksdb-4.2/util/slice.cc" />
		<Unit filename="libs/rocksdb-4.2/util/slice_transform_test.cc" />
		<Unit filename="libs/rocksdb-4.2/util/statistics.cc" />
		<Unit filename="libs/rocksdb-4.2/util/statistics.h" />
		<Unit filename="libs/rocksdb-4.2/util/status.cc" />
		<Unit filename="libs/rocksdb-4.2/util/status_message.cc" />
		<Unit filename="libs/rocksdb-4.2/util/stop_watch.h" />
		<Unit filename="libs/rocksdb-4.2/util/string_util.cc" />
		<Unit filename="libs/rocksdb-4.2/util/string_util.h" />
		<Unit filename="libs/rocksdb-4.2/util/sync_point.cc" />
		<Unit filename="libs/rocksdb-4.2/util/sync_point.h" />
		<Unit filename="libs/rocksdb-4.2/util/testharness.cc" />
		<Unit filename="libs/rocksdb-4.2/util/testharness.h" />
		<Unit filename="libs/rocksdb-4.2/util/testutil.cc" />
		<Unit filename="libs/rocksdb-4.2/util/testutil.h" />
		<Unit filename="libs/rocksdb-4.2/util/thread_list_test.cc" />
		<Unit filename="libs/rocksdb-4.2/util/thread_local.cc" />
		<Unit filename="libs/rocksdb-4.2/util/thread_local.h" />
		<Unit filename="libs/rocksdb-4.2/util/thread_local_test.cc" />
		<Unit filename="libs/rocksdb-4.2/util/thread_operation.h" />
		<Unit filename="libs/rocksdb-4.2/util/thread_status_impl.cc" />
		<Unit filename="libs/rocksdb-4.2/util/thread_status_updater.cc" />
		<Unit filename="libs/rocksdb-4.2/util/thread_status_updater.h" />
		<Unit filename="libs/rocksdb-4.2/util/thread_status_updater_debug.cc" />
		<Unit filename="libs/rocksdb-4.2/util/thread_status_util.cc" />
		<Unit filename="libs/rocksdb-4.2/util/thread_status_util.h" />
		<Unit filename="libs/rocksdb-4.2/util/thread_status_util_debug.cc" />
		<Unit filename="libs/rocksdb-4.2/util/vectorrep.cc" />
		<Unit filename="libs/rocksdb-4.2/util/xfunc.cc" />
		<Unit filename="libs/rocksdb-4.2/util/xfunc.h" />
		<Unit filename="libs/rocksdb-4.2/util/xxhash.cc" />
		<Unit filename="libs/rocksdb-4.2/util/xxhash.h" />
		<Unit filename="libs/rocksdb-4.2/utilities/backupable/backupable_db.cc" />
		<Unit filename="libs/rocksdb-4.2/utilities/backupable/backupable_db_test.cc" />
		<Unit filename="libs/rocksdb-4.2/utilities/checkpoint/checkpoint.cc" />
		<Unit filename="libs/rocksdb-4.2/utilities/checkpoint/checkpoint_test.cc" />
		<Unit filename="libs/rocksdb-4.2/utilities/compaction_filters/remove_emptyvalue_compactionfilter.cc" />
		<Unit filename="libs/rocksdb-4.2/utilities/compaction_filters/remove_emptyvalue_compactionfilter.h" />
		<Unit filename="libs/rocksdb-4.2/utilities/convenience/info_log_finder.cc" />
		<Unit filename="libs/rocksdb-4.2/utilities/document/document_db.cc" />
		<Unit filename="libs/rocksdb-4.2/utilities/document/document_db_test.cc" />
		<Unit filename="libs/rocksdb-4.2/utilities/document/json_document.cc" />
		<Unit filename="libs/rocksdb-4.2/utilities/document/json_document_builder.cc" />
		<Unit filename="libs/rocksdb-4.2/utilities/document/json_document_test.cc" />
		<Unit filename="libs/rocksdb-4.2/utilities/flashcache/flashcache.cc" />
		<Unit filename="libs/rocksdb-4.2/utilities/flashcache/flashcache.h" />
		<Unit filename="libs/rocksdb-4.2/utilities/geodb/geodb_impl.cc" />
		<Unit filename="libs/rocksdb-4.2/utilities/geodb/geodb_impl.h" />
		<Unit filename="libs/rocksdb-4.2/utilities/geodb/geodb_test.cc" />
		<Unit filename="libs/rocksdb-4.2/utilities/leveldb_options/leveldb_options.cc" />
		<Unit filename="libs/rocksdb-4.2/utilities/memory/memory_test.cc" />
		<Unit filename="libs/rocksdb-4.2/utilities/memory/memory_util.cc" />
		<Unit filename="libs/rocksdb-4.2/utilities/merge_operators.h" />
		<Unit filename="libs/rocksdb-4.2/utilities/merge_operators/put.cc" />
		<Unit filename="libs/rocksdb-4.2/utilities/merge_operators/string_append/stringappend.cc" />
		<Unit filename="libs/rocksdb-4.2/utilities/merge_operators/string_append/stringappend.h" />
		<Unit filename="libs/rocksdb-4.2/utilities/merge_operators/string_append/stringappend2.cc" />
		<Unit filename="libs/rocksdb-4.2/utilities/merge_operators/string_append/stringappend2.h" />
		<Unit filename="libs/rocksdb-4.2/utilities/merge_operators/string_append/stringappend_test.cc" />
		<Unit filename="libs/rocksdb-4.2/utilities/merge_operators/uint64add.cc" />
		<Unit filename="libs/rocksdb-4.2/utilities/redis/README" />
		<Unit filename="libs/rocksdb-4.2/utilities/redis/redis_list_exception.h" />
		<Unit filename="libs/rocksdb-4.2/utilities/redis/redis_list_iterator.h" />
		<Unit filename="libs/rocksdb-4.2/utilities/redis/redis_lists.cc" />
		<Unit filename="libs/rocksdb-4.2/utilities/redis/redis_lists.h" />
		<Unit filename="libs/rocksdb-4.2/utilities/redis/redis_lists_test.cc" />
		<Unit filename="libs/rocksdb-4.2/utilities/spatialdb/spatial_db.cc" />
		<Unit filename="libs/rocksdb-4.2/utilities/spatialdb/spatial_db_test.cc" />
		<Unit filename="libs/rocksdb-4.2/utilities/spatialdb/utils.h" />
		<Unit filename="libs/rocksdb-4.2/utilities/table_properties_collectors/compact_on_deletion_collector.cc" />
		<Unit filename="libs/rocksdb-4.2/utilities/table_properties_collectors/compact_on_deletion_collector.h" />
		<Unit filename="libs/rocksdb-4.2/utilities/table_properties_collectors/compact_on_deletion_collector_test.cc" />
		<Unit filename="libs/rocksdb-4.2/utilities/transactions/optimistic_transaction_db_impl.cc" />
		<Unit filename="libs/rocksdb-4.2/utilities/transactions/optimistic_transaction_db_impl.h" />
		<Unit filename="libs/rocksdb-4.2/utilities/transactions/optimistic_transaction_impl.cc" />
		<Unit filename="libs/rocksdb-4.2/utilities/transactions/optimistic_transaction_impl.h" />
		<Unit filename="libs/rocksdb-4.2/utilities/transactions/optimistic_transaction_test.cc" />
		<Unit filename="libs/rocksdb-4.2/utilities/transactions/transaction_base.cc" />
		<Unit filename="libs/rocksdb-4.2/utilities/transactions/transaction_base.h" />
		<Unit filename="libs/rocksdb-4.2/utilities/transactions/transaction_db_impl.cc" />
		<Unit filename="libs/rocksdb-4.2/utilities/transactions/transaction_db_impl.h" />
		<Unit filename="libs/rocksdb-4.2/utilities/transactions/transaction_db_mutex_impl.cc" />
		<Unit filename="libs/rocksdb-4.2/utilities/transactions/transaction_db_mutex_impl.h" />
		<Unit filename="libs/rocksdb-4.2/utilities/transactions/transaction_impl.cc" />
		<Unit filename="libs/rocksdb-4.2/utilities/transactions/transaction_impl.h" />
		<Unit filename="libs/rocksdb-4.2/utilities/transactions/transaction_lock_mgr.cc" />
		<Unit filename="libs/rocksdb-4.2/utilities/transactions/transaction_lock_mgr.h" />
		<Unit filename="libs/rocksdb-4.2/utilities/transactions/transaction_test.cc" />
		<Unit filename="libs/rocksdb-4.2/utilities/transactions/transaction_util.cc" />
		<Unit filename="libs/rocksdb-4.2/utilities/transactions/transaction_util.h" />
		<Unit filename="libs/rocksdb-4.2/utilities/ttl/db_ttl_impl.cc" />
		<Unit filename="libs/rocksdb-4.2/utilities/ttl/db_ttl_impl.h" />
		<Unit filename="libs/rocksdb-4.2/utilities/ttl/ttl_test.cc" />
		<Unit filename="libs/rocksdb-4.2/utilities/write_batch_with_index/write_batch_with_index.cc" />
		<Unit filename="libs/rocksdb-4.2/utilities/write_batch_with_index/write_batch_with_index_internal.cc" />
		<Unit filename="libs/rocksdb-4.2/utilities/write_batch_with_index/write_batch_with_index_internal.h" />
		<Unit filename="libs/rocksdb-4.2/utilities/write_batch_with_index/write_batch_with_index_test.cc" />
		<Unit filename="main.cpp" />
		<Extensions>
			<code_completion />
			<envvars />
			<lib_finder disable_auto="1" />
			<debugger />
		</Extensions>
	</Project>
</CodeBlocks_project_file>
